
Microsoft Visual Studio Solution File, Format Version 12.00
# Visual Studio Version 17
VisualStudioVersion = 17.14.37628.2
MinimumVisualStudioVersion = 10.0.40219.1
Project("{FAE04EC0-301F-11D3-BF4B-00C04F79EFBC}") = "JCS.Domain", "JCS.Domain\JCS.Domain.csproj", "{69261FAB-68A5-4894-BBB7-FA4133D91728}"
EndProject
Project("{FAE04EC0-301F-11D3-BF4B-00C04F79EFBC}") = "JCS.Application", "JCS.Application\JCS.Application.csproj", "{180EA7DC-E452-4F70-9018-26AC5D6A9E08}"
EndProject
Project("{FAE04EC0-301F-11D3-BF4B-00C04F79EFBC}") = "JCS.Infastructure", "JCS.Infastructure\JCS.Infastructure.csproj", "{B5ACD6E2-B792-471A-A6A3-2E936FB9012A}"
EndProject
Project("{FAE04EC0-301F-11D3-BF4B-00C04F79EFBC}") = "JCS.API", "JCS.API\JCS.API.csproj", "{CDB80BAE-C69B-485B-9734-0DF582CA9CE4}"
EndProject
Global
	GlobalSection(SolutionConfigurationPlatforms) = preSolution
		Debug|Any CPU = Debug|Any CPU
		Release|Any CPU = Release|Any CPU
	EndGlobalSection
	GlobalSection(ProjectConfigurationPlatforms) = postSolution
		{69261FAB-68A5-4894-BBB7-FA4133D91728}.Debug|Any CPU.ActiveCfg = Debug|Any CPU
		{69261FAB-68A5-4894-BBB7-FA4133D91728}.Debug|Any CPU.Build.0 = Debug|Any CPU
		{69261FAB-68A5-4894-BBB7-FA4133D91728}.Release|Any CPU.ActiveCfg = Release|Any CPU
		{69261FAB-68A5-4894-BBB7-FA4133D91728}.Release|Any CPU.Build.0 = Release|Any CPU
		{180EA7DC-E452-4F70-9018-26AC5D6A9E08}.Debug|Any CPU.ActiveCfg = Debug|Any CPU
		{180EA7DC-E452-4F70-9018-26AC5D6A9E08}.Debug|Any CPU.Build.0 = Debug|Any CPU
		{180EA7DC-E452-4F70-9018-26AC5D6A9E08}.Release|Any CPU.ActiveCfg = Release|Any CPU
		{180EA7DC-E452-4F70-9018-26AC5D6A9E08}.Release|Any CPU.Build.0 = Release|Any CPU
		{B5ACD6E2-B792-471A-A6A3-2E936FB9012A}.Debug|Any CPU.ActiveCfg = Debug|Any CPU
		{B5ACD6E2-B792-471A-A6A3-2E936FB9012A}.Debug|Any CPU.Build.0 = Debug|Any CPU
		{B5ACD6E2-B792-471A-A6A3-2E936FB9012A}.Release|Any CPU.ActiveCfg = Release|Any CPU
		{B5ACD6E2-B792-471A-A6A3-2E936FB9012A}.Release|Any CPU.Build.0 = Release|Any CPU
		{CDB80BAE-C69B-485B-9734-0DF582CA9CE4}.Debug|Any CPU.ActiveCfg = Debug|Any CPU
		{CDB80BAE-C69B-485B-9734-0DF582CA9CE4}.Debug|Any CPU.Build.0 = Debug|Any CPU
		{CDB80BAE-C69B-485B-9734-0DF582CA9CE4}.Release|Any CPU.ActiveCfg = Release|Any CPU
		{CDB80BAE-C69B-485B-9734-0DF582CA9CE4}.Release|Any CPU.Build.0 = Release|Any CPU
	EndGlobalSection
	GlobalSection(SolutionProperties) = preSolution
		HideSolutionNode = FALSE
	EndGlobalSection
	GlobalSection(ExtensibilityGlobals) = postSolution
		SolutionGuid = {E4865E8A-822B-4C9C-B40D-784478447DFC}
	EndGlobalSection
EndGlobal
